{
  "name": "haha",
  "version": "1.0.0",
  "lockfileVersion": 1,
  "requires": true,
  "dependencies": {
    "test32232232": {
      "version": "1.0.5",
      "resolved": "https://registry.npmjs.org/test32232232/-/test32232232-1.0.5.tgz",
      "integrity": "sha512-Cc8vVBWM7lAd/qp7XeaYOXRNVTsNJbCds77vf+imBLeGCQFfBCy6nxg5moz0BAkdAscYV3U+e2eUVGTZYtaelA=="
    }
  }
}
